<?xml version="1.0" encoding="utf-8"?>
<Project ToolsVersion="4.0" xmlns="http://schemas.microsoft.com/developer/msbuild/2003">
  <ItemGroup>
    <Filter Include="UnitTest">
      <UniqueIdentifier>{64712f98-401b-4897-94ff-f284f53bf154}</UniqueIdentifier>
    </Filter>
    <Filter Include="Src">
      <UniqueIdentifier>{bcd3a06c-fb98-487b-950d-edec9b7f3fe7}</UniqueIdentifier>
    </Filter>
  </ItemGroup>
  <ItemGroup>
    <ClCompile Include="Src\AddTwoNumbersSolution.cpp">
      <Filter>Src</Filter>
    </ClCompile>
    <ClCompile Include="Src\BasicCalculatorIISolution.cpp">
      <Filter>Src</Filter>
    </ClCompile>
    <ClCompile Include="Src\BasicCalculatorSolution.cpp">
      <Filter>Src</Filter>
    </ClCompile>
    <ClCompile Include="Src\BinaryTreePathsSolution.cpp">
      <Filter>Src</Filter>
    </ClCompile>
    <ClCompile Include="Src\BullsAndCowsSolution.cpp">
      <Filter>Src</Filter>
    </ClCompile>
    <ClCompile Include="Src\ConvertANumberToHexadecimal.cpp">
      <Filter>Src</Filter>
    </ClCompile>
    <ClCompile Include="Src\CountPrimesSolution.cpp">
      <Filter>Src</Filter>
    </ClCompile>
    <ClCompile Include="Src\FibonacciNumber.cpp">
      <Filter>Src</Filter>
    </ClCompile>
    <ClCompile Include="Src\FirstBadVersionSolution.cpp">
      <Filter>Src</Filter>
    </ClCompile>
    <ClCompile Include="Src\GuessNumberHigherOrLower.cpp">
      <Filter>Src</Filter>
    </ClCompile>
    <ClCompile Include="Src\HouseRobberSolution.cpp">
      <Filter>Src</Filter>
    </ClCompile>
    <ClCompile Include="Src\ImplementTriePrefixTree.cpp">
      <Filter>Src</Filter>
    </ClCompile>
    <ClCompile Include="Src\IsomorphicStringsSolution.cpp">
      <Filter>Src</Filter>
    </ClCompile>
    <ClCompile Include="Src\LongestSubstringWithoutRepeatingCharactersSolution.cpp">
      <Filter>Src</Filter>
    </ClCompile>
    <ClCompile Include="Src\LowestCommonAncestorOfABinaryTreeSolution.cpp">
      <Filter>Src</Filter>
    </ClCompile>
    <ClCompile Include="Src\MaxConsecutiveOnes.cpp">
      <Filter>Src</Filter>
    </ClCompile>
    <ClCompile Include="Src\MaximumLengthOfRepeatedSubarray.cpp">
      <Filter>Src</Filter>
    </ClCompile>
    <ClCompile Include="Src\MedianFinder.cpp">
      <Filter>Src</Filter>
    </ClCompile>
    <ClCompile Include="Src\MergeTwoSortedListsSolution.cpp">
      <Filter>Src</Filter>
    </ClCompile>
    <ClCompile Include="Src\MissingNumberSolution.cpp">
      <Filter>Src</Filter>
    </ClCompile>
    <ClCompile Include="Src\NArryTreeLevelOrderTraversal.cpp">
      <Filter>Src</Filter>
    </ClCompile>
    <ClCompile Include="Src\NimGameSolution.cpp">
      <Filter>Src</Filter>
    </ClCompile>
    <ClCompile Include="Src\NRepeatedElementInSize2NArray.cpp">
      <Filter>Src</Filter>
    </ClCompile>
    <ClCompile Include="Src\NumArraySolution.cpp">
      <Filter>Src</Filter>
    </ClCompile>
    <ClCompile Include="Src\PalindromeLinkedListSolution.cpp">
      <Filter>Src</Filter>
    </ClCompile>
    <ClCompile Include="Src\PeekingIteratorSolution.cpp">
      <Filter>Src</Filter>
    </ClCompile>
    <ClCompile Include="Src\ProductOfArrayExceptSelfSolution.cpp">
      <Filter>Src</Filter>
    </ClCompile>
    <ClCompile Include="Src\RangeSumQueryImmutableSolution.cpp">
      <Filter>Src</Filter>
    </ClCompile>
    <ClCompile Include="Src\RectangleAreaSolution.cpp">
      <Filter>Src</Filter>
    </ClCompile>
    <ClCompile Include="Src\RemoveDuplicateLettersSolution.cpp">
      <Filter>Src</Filter>
    </ClCompile>
    <ClCompile Include="Src\RemoveNthNodeFromEndOfListSolution.cpp">
      <Filter>Src</Filter>
    </ClCompile>
    <ClCompile Include="Src\ReverseOnlyLetters.cpp">
      <Filter>Src</Filter>
    </ClCompile>
    <ClCompile Include="Src\SingleNumberIII.cpp">
      <Filter>Src</Filter>
    </ClCompile>
    <ClCompile Include="Src\SingleNumberSolution.cpp">
      <Filter>Src</Filter>
    </ClCompile>
    <ClCompile Include="Src\SortArrayByParityII.cpp">
      <Filter>Src</Filter>
    </ClCompile>
    <ClCompile Include="Src\SquaresOfASortedArray.cpp">
      <Filter>Src</Filter>
    </ClCompile>
    <ClCompile Include="Src\SummaryRangesSolution.cpp">
      <Filter>Src</Filter>
    </ClCompile>
    <ClCompile Include="Src\TwoSumII.cpp">
      <Filter>Src</Filter>
    </ClCompile>
    <ClCompile Include="Src\TwoSumSolution.cpp">
      <Filter>Src</Filter>
    </ClCompile>
    <ClCompile Include="Src\ValidPerfectSquare.cpp">
      <Filter>Src</Filter>
    </ClCompile>
    <ClCompile Include="Src\WordPatternSolution.cpp">
      <Filter>Src</Filter>
    </ClCompile>
    <ClCompile Include="UnitTest\AddTwoNumbersTestSuite.cpp">
      <Filter>UnitTest</Filter>
    </ClCompile>
    <ClCompile Include="UnitTest\BasicCalculatorIITestSuite.cpp">
      <Filter>UnitTest</Filter>
    </ClCompile>
    <ClCompile Include="UnitTest\BasicCalculatorTestSuite.cpp">
      <Filter>UnitTest</Filter>
    </ClCompile>
    <ClCompile Include="UnitTest\BinaryTreePathsTestSuite.cpp">
      <Filter>UnitTest</Filter>
    </ClCompile>
    <ClCompile Include="UnitTest\BullsAndCowsTestSuite.cpp">
      <Filter>UnitTest</Filter>
    </ClCompile>
    <ClCompile Include="UnitTest\ConvertANumberToHexadecimalTestSuite.cpp">
      <Filter>UnitTest</Filter>
    </ClCompile>
    <ClCompile Include="UnitTest\CountPrimesTestSuite.cpp">
      <Filter>UnitTest</Filter>
    </ClCompile>
    <ClCompile Include="UnitTest\FibonacciNumberTestSuite.cpp">
      <Filter>UnitTest</Filter>
    </ClCompile>
    <ClCompile Include="UnitTest\FirstBadVersionTestSuite.cpp">
      <Filter>UnitTest</Filter>
    </ClCompile>
    <ClCompile Include="UnitTest\GuessNumberHigherOrLowerTestSuite.cpp">
      <Filter>UnitTest</Filter>
    </ClCompile>
    <ClCompile Include="UnitTest\HouseRobberTestSuite.cpp">
      <Filter>UnitTest</Filter>
    </ClCompile>
    <ClCompile Include="UnitTest\IsomorphicStringsTestSuite.cpp">
      <Filter>UnitTest</Filter>
    </ClCompile>
    <ClCompile Include="UnitTest\LongestSubstringWithoutRepeatingCharactersTestSuite.cpp">
      <Filter>UnitTest</Filter>
    </ClCompile>
    <ClCompile Include="UnitTest\LowestCommonAncestorOfABinaryTreeTestSuite.cpp">
      <Filter>UnitTest</Filter>
    </ClCompile>
    <ClCompile Include="UnitTest\MaxConsecutiveOnesTestSuite.cpp">
      <Filter>UnitTest</Filter>
    </ClCompile>
    <ClCompile Include="UnitTest\MaximumLengthOfRepeatedSubarrayTestSuite.cpp">
      <Filter>UnitTest</Filter>
    </ClCompile>
    <ClCompile Include="UnitTest\MedianFinderTestSuite.cpp">
      <Filter>UnitTest</Filter>
    </ClCompile>
    <ClCompile Include="UnitTest\MergeTwoSortedListsTestSuite.cpp">
      <Filter>UnitTest</Filter>
    </ClCompile>
    <ClCompile Include="UnitTest\MissingNumberTestSuite.cpp">
      <Filter>UnitTest</Filter>
    </ClCompile>
    <ClCompile Include="UnitTest\NimGameTestSuite.cpp">
      <Filter>UnitTest</Filter>
    </ClCompile>
    <ClCompile Include="UnitTest\NRepeatedElementInSize2NArrayTestSuite.cpp">
      <Filter>UnitTest</Filter>
    </ClCompile>
    <ClCompile Include="UnitTest\PalindromeLinkedListTestSuite.cpp">
      <Filter>UnitTest</Filter>
    </ClCompile>
    <ClCompile Include="UnitTest\ProductOfArrayExceptSelfTestSuite.cpp">
      <Filter>UnitTest</Filter>
    </ClCompile>
    <ClCompile Include="UnitTest\RangeSumQueryImmutableTestSuite.cpp">
      <Filter>UnitTest</Filter>
    </ClCompile>
    <ClCompile Include="UnitTest\RangeSumQueryTestSuite.cpp">
      <Filter>UnitTest</Filter>
    </ClCompile>
    <ClCompile Include="UnitTest\RectangleAreaTestSuite.cpp">
      <Filter>UnitTest</Filter>
    </ClCompile>
    <ClCompile Include="UnitTest\RemoveDuplicateLettersTestSuite.cpp">
      <Filter>UnitTest</Filter>
    </ClCompile>
    <ClCompile Include="UnitTest\RemoveNthNodeFromEndofListTestSuite.cpp">
      <Filter>UnitTest</Filter>
    </ClCompile>
    <ClCompile Include="UnitTest\ReverseOnlyLettersTestSuite.cpp">
      <Filter>UnitTest</Filter>
    </ClCompile>
    <ClCompile Include="UnitTest\SingleNumberIIITestSuite.cpp">
      <Filter>UnitTest</Filter>
    </ClCompile>
    <ClCompile Include="UnitTest\SingleNumberTestSuite.cpp">
      <Filter>UnitTest</Filter>
    </ClCompile>
    <ClCompile Include="UnitTest\SortArrayByParityIITestSuite.cpp">
      <Filter>UnitTest</Filter>
    </ClCompile>
    <ClCompile Include="UnitTest\SquaresOfASortedArrayTestSuite.cpp">
      <Filter>UnitTest</Filter>
    </ClCompile>
    <ClCompile Include="UnitTest\SummaryRangesTestSuite.cpp">
      <Filter>UnitTest</Filter>
    </ClCompile>
    <ClCompile Include="UnitTest\TowSumTestSuite.cpp">
      <Filter>UnitTest</Filter>
    </ClCompile>
    <ClCompile Include="UnitTest\TrieTestSuite.cpp">
      <Filter>UnitTest</Filter>
    </ClCompile>
    <ClCompile Include="UnitTest\TwoSumIITestSuite.cpp">
      <Filter>UnitTest</Filter>
    </ClCompile>
    <ClCompile Include="UnitTest\ValidPerfectSquareTestSuite.cpp">
      <Filter>UnitTest</Filter>
    </ClCompile>
    <ClCompile Include="UnitTest\WordPatternTestSuite.cpp">
      <Filter>UnitTest</Filter>
    </ClCompile>
  </ItemGroup>
  <ItemGroup>
    <ClInclude Include="Src\AddTwoNumbersSolution.hpp">
      <Filter>Src</Filter>
    </ClInclude>
    <ClInclude Include="Src\BasicCalculatorIISolution.hpp">
      <Filter>Src</Filter>
    </ClInclude>
    <ClInclude Include="Src\BasicCalculatorSolution.hpp">
      <Filter>Src</Filter>
    </ClInclude>
    <ClInclude Include="Src\BinaryTreePathsSolution.hpp">
      <Filter>Src</Filter>
    </ClInclude>
    <ClInclude Include="Src\BullsAndCowsSolution.hpp">
      <Filter>Src</Filter>
    </ClInclude>
    <ClInclude Include="Src\ConvertANumberToHexadecimal.hpp">
      <Filter>Src</Filter>
    </ClInclude>
    <ClInclude Include="Src\CountPrimesSolution.hpp">
      <Filter>Src</Filter>
    </ClInclude>
    <ClInclude Include="Src\FibonacciNumber.hpp">
      <Filter>Src</Filter>
    </ClInclude>
    <ClInclude Include="Src\FirstBadVersionSolution.hpp">
      <Filter>Src</Filter>
    </ClInclude>
    <ClInclude Include="Src\GuessNumberHigherOrLower.hpp">
      <Filter>Src</Filter>
    </ClInclude>
    <ClInclude Include="Src\HouseRobberSolution.hpp">
      <Filter>Src</Filter>
    </ClInclude>
    <ClInclude Include="Src\ImplementTriePrefixTree.hpp">
      <Filter>Src</Filter>
    </ClInclude>
    <ClInclude Include="Src\IsomorphicStringsSolution.hpp">
      <Filter>Src</Filter>
    </ClInclude>
    <ClInclude Include="Src\LongestSubstringWithoutRepeatingCharactersSolution.h">
      <Filter>Src</Filter>
    </ClInclude>
    <ClInclude Include="Src\LowestCommonAncestorOfABinaryTreeSolution.hpp">
      <Filter>Src</Filter>
    </ClInclude>
    <ClInclude Include="Src\MaxConsecutiveOnes.hpp">
      <Filter>Src</Filter>
    </ClInclude>
    <ClInclude Include="Src\MaximumLengthOfRepeatedSubarray.hpp">
      <Filter>Src</Filter>
    </ClInclude>
    <ClInclude Include="Src\MedianFinder.hpp">
      <Filter>Src</Filter>
    </ClInclude>
    <ClInclude Include="Src\MergeTwoSortedListsSolution.hpp">
      <Filter>Src</Filter>
    </ClInclude>
    <ClInclude Include="Src\MissingNumberSolution.hpp">
      <Filter>Src</Filter>
    </ClInclude>
    <ClInclude Include="Src\NArryTreeLevelOrderTraversal.hpp">
      <Filter>Src</Filter>
    </ClInclude>
    <ClInclude Include="Src\NimGameSolution.hpp">
      <Filter>Src</Filter>
    </ClInclude>
    <ClInclude Include="Src\NRepeatedElementInSize2NArray.hpp">
      <Filter>Src</Filter>
    </ClInclude>
    <ClInclude Include="Src\NumArraySolution.hpp">
      <Filter>Src</Filter>
    </ClInclude>
    <ClInclude Include="Src\PalindromeLinkedListSolution.hpp">
      <Filter>Src</Filter>
    </ClInclude>
    <ClInclude Include="Src\PeekingIteratorSolution.hpp">
      <Filter>Src</Filter>
    </ClInclude>
    <ClInclude Include="Src\ProductOfArrayExceptSelfSolution.hpp">
      <Filter>Src</Filter>
    </ClInclude>
    <ClInclude Include="Src\RangeSumQueryImmutableSolution.hpp">
      <Filter>Src</Filter>
    </ClInclude>
    <ClInclude Include="Src\RectangleAreaSolution.hpp">
      <Filter>Src</Filter>
    </ClInclude>
    <ClInclude Include="Src\RemoveDuplicateLettersSolution.hpp">
      <Filter>Src</Filter>
    </ClInclude>
    <ClInclude Include="Src\RemoveNthNodeFromEndOfListSolution.hpp">
      <Filter>Src</Filter>
    </ClInclude>
    <ClInclude Include="Src\ReverseOnlyLetters.hpp">
      <Filter>Src</Filter>
    </ClInclude>
    <ClInclude Include="Src\SingleNumberIII.hpp">
      <Filter>Src</Filter>
    </ClInclude>
    <ClInclude Include="Src\SingleNumberSolution.hpp">
      <Filter>Src</Filter>
    </ClInclude>
    <ClInclude Include="Src\SortArrayByParityII.hpp">
      <Filter>Src</Filter>
    </ClInclude>
    <ClInclude Include="Src\SquaresOfASortedArray.hpp">
      <Filter>Src</Filter>
    </ClInclude>
    <ClInclude Include="Src\Struct.hpp">
      <Filter>Src</Filter>
    </ClInclude>
    <ClInclude Include="Src\SummaryRangesSolution.hpp">
      <Filter>Src</Filter>
    </ClInclude>
    <ClInclude Include="Src\TwoSumII.hpp">
      <Filter>Src</Filter>
    </ClInclude>
    <ClInclude Include="Src\TwoSumSolution.hpp">
      <Filter>Src</Filter>
    </ClInclude>
    <ClInclude Include="Src\ValidPerfectSquare.hpp">
      <Filter>Src</Filter>
    </ClInclude>
    <ClInclude Include="Src\WordPatternSolution.hpp">
      <Filter>Src</Filter>
    </ClInclude>
    <ClInclude Include="UnitTest\disabled.hpp">
      <Filter>UnitTest</Filter>
    </ClInclude>
  </ItemGroup>
</Project>