<?xml version="1.0" encoding="utf-8"?>
<Project ToolsVersion="4.0" xmlns="http://schemas.microsoft.com/developer/msbuild/2003">
  <ItemGroup>
    <Filter Include="UnitTest">
      <UniqueIdentifier>{64712f98-401b-4897-94ff-f284f53bf154}</UniqueIdentifier>
    </Filter>
    <Filter Include="Src">
      <UniqueIdentifier>{bcd3a06c-fb98-487b-950d-edec9b7f3fe7}</UniqueIdentifier>
    </Filter>
  </ItemGroup>
  <ItemGroup>
    <ClCompile Include="Src\LeetCode00001.cpp">
      <Filter>Src</Filter>
    </ClCompile>
    <ClCompile Include="Src\LeetCode00002.cpp">
      <Filter>Src</Filter>
    </ClCompile>
    <ClCompile Include="Src\LeetCode00003.cpp">
      <Filter>Src</Filter>
    </ClCompile>
    <ClCompile Include="Src\LeetCode00019.cpp">
      <Filter>Src</Filter>
    </ClCompile>
    <ClCompile Include="Src\LeetCode00021.cpp">
      <Filter>Src</Filter>
    </ClCompile>
    <ClCompile Include="Src\LeetCode00136.cpp">
      <Filter>Src</Filter>
    </ClCompile>
    <ClCompile Include="Src\LeetCode00167.cpp">
      <Filter>Src</Filter>
    </ClCompile>
    <ClCompile Include="Src\LeetCode00198.cpp">
      <Filter>Src</Filter>
    </ClCompile>
    <ClCompile Include="Src\LeetCode00204.cpp">
      <Filter>Src</Filter>
    </ClCompile>
    <ClCompile Include="Src\LeetCode00205.cpp">
      <Filter>Src</Filter>
    </ClCompile>
    <ClCompile Include="Src\LeetCode00208.cpp">
      <Filter>Src</Filter>
    </ClCompile>
    <ClCompile Include="Src\LeetCode00223.cpp">
      <Filter>Src</Filter>
    </ClCompile>
    <ClCompile Include="Src\LeetCode00224.cpp">
      <Filter>Src</Filter>
    </ClCompile>
    <ClCompile Include="Src\LeetCode00227.cpp">
      <Filter>Src</Filter>
    </ClCompile>
    <ClCompile Include="Src\LeetCode00228.cpp">
      <Filter>Src</Filter>
    </ClCompile>
    <ClCompile Include="Src\LeetCode00234.cpp">
      <Filter>Src</Filter>
    </ClCompile>
    <ClCompile Include="Src\LeetCode00236.cpp">
      <Filter>Src</Filter>
    </ClCompile>
    <ClCompile Include="Src\LeetCode00238.cpp">
      <Filter>Src</Filter>
    </ClCompile>
    <ClCompile Include="Src\LeetCode00257.cpp">
      <Filter>Src</Filter>
    </ClCompile>
    <ClCompile Include="Src\LeetCode00260.cpp">
      <Filter>Src</Filter>
    </ClCompile>
    <ClCompile Include="Src\LeetCode00268.cpp">
      <Filter>Src</Filter>
    </ClCompile>
    <ClCompile Include="Src\LeetCode00278.cpp">
      <Filter>Src</Filter>
    </ClCompile>
    <ClCompile Include="Src\LeetCode00284.cpp">
      <Filter>Src</Filter>
    </ClCompile>
    <ClCompile Include="Src\LeetCode00290.cpp">
      <Filter>Src</Filter>
    </ClCompile>
    <ClCompile Include="Src\LeetCode00292.cpp">
      <Filter>Src</Filter>
    </ClCompile>
    <ClCompile Include="Src\LeetCode00295.cpp">
      <Filter>Src</Filter>
    </ClCompile>
    <ClCompile Include="Src\LeetCode00299.cpp">
      <Filter>Src</Filter>
    </ClCompile>
    <ClCompile Include="Src\LeetCode00303.cpp">
      <Filter>Src</Filter>
    </ClCompile>
    <ClCompile Include="Src\LeetCode00307.cpp">
      <Filter>Src</Filter>
    </ClCompile>
    <ClCompile Include="Src\LeetCode00316.cpp">
      <Filter>Src</Filter>
    </ClCompile>
    <ClCompile Include="Src\LeetCode00367.cpp">
      <Filter>Src</Filter>
    </ClCompile>
    <ClCompile Include="Src\LeetCode00374.cpp">
      <Filter>Src</Filter>
    </ClCompile>
    <ClCompile Include="Src\LeetCode00405.cpp">
      <Filter>Src</Filter>
    </ClCompile>
    <ClCompile Include="Src\LeetCode00485.cpp">
      <Filter>Src</Filter>
    </ClCompile>
    <ClCompile Include="Src\LeetCode00509.cpp">
      <Filter>Src</Filter>
    </ClCompile>
    <ClCompile Include="Src\LeetCode00718.cpp">
      <Filter>Src</Filter>
    </ClCompile>
    <ClCompile Include="Src\LeetCode00917.cpp">
      <Filter>Src</Filter>
    </ClCompile>
    <ClCompile Include="Src\LeetCode00922.cpp">
      <Filter>Src</Filter>
    </ClCompile>
    <ClCompile Include="Src\LeetCode00961.cpp">
      <Filter>Src</Filter>
    </ClCompile>
    <ClCompile Include="Src\LeetCode00977.cpp">
      <Filter>Src</Filter>
    </ClCompile>
    <ClCompile Include="Src\NArryTreeLevelOrderTraversal.cpp">
      <Filter>Src</Filter>
    </ClCompile>
    <ClCompile Include="UnitTest\LeetCode00001TestSuite.cpp">
      <Filter>UnitTest</Filter>
    </ClCompile>
    <ClCompile Include="UnitTest\LeetCode00002TestSuite.cpp">
      <Filter>UnitTest</Filter>
    </ClCompile>
    <ClCompile Include="UnitTest\LeetCode00003TestSuite.cpp">
      <Filter>UnitTest</Filter>
    </ClCompile>
    <ClCompile Include="UnitTest\LeetCode00019TestSuite.cpp">
      <Filter>UnitTest</Filter>
    </ClCompile>
    <ClCompile Include="UnitTest\LeetCode00021TestSuite.cpp">
      <Filter>UnitTest</Filter>
    </ClCompile>
    <ClCompile Include="UnitTest\LeetCode00136TestSuite.cpp">
      <Filter>UnitTest</Filter>
    </ClCompile>
    <ClCompile Include="UnitTest\LeetCode00167TestSuite.cpp">
      <Filter>UnitTest</Filter>
    </ClCompile>
    <ClCompile Include="UnitTest\LeetCode00198TestSuite.cpp">
      <Filter>UnitTest</Filter>
    </ClCompile>
    <ClCompile Include="UnitTest\LeetCode00204TestSuite.cpp">
      <Filter>UnitTest</Filter>
    </ClCompile>
    <ClCompile Include="UnitTest\LeetCode00205TestSuite.cpp">
      <Filter>UnitTest</Filter>
    </ClCompile>
    <ClCompile Include="UnitTest\LeetCode00208TestSuite.cpp">
      <Filter>UnitTest</Filter>
    </ClCompile>
    <ClCompile Include="UnitTest\LeetCode00223TestSuite.cpp">
      <Filter>UnitTest</Filter>
    </ClCompile>
    <ClCompile Include="UnitTest\LeetCode00224TestSuite.cpp">
      <Filter>UnitTest</Filter>
    </ClCompile>
    <ClCompile Include="UnitTest\LeetCode00227TestSuite.cpp">
      <Filter>UnitTest</Filter>
    </ClCompile>
    <ClCompile Include="UnitTest\LeetCode00228TestSuite.cpp">
      <Filter>UnitTest</Filter>
    </ClCompile>
    <ClCompile Include="UnitTest\LeetCode00234TestSuite.cpp">
      <Filter>UnitTest</Filter>
    </ClCompile>
    <ClCompile Include="UnitTest\LeetCode00236TestSuite.cpp">
      <Filter>UnitTest</Filter>
    </ClCompile>
    <ClCompile Include="UnitTest\LeetCode00238TestSuite.cpp">
      <Filter>UnitTest</Filter>
    </ClCompile>
    <ClCompile Include="UnitTest\LeetCode00257TestSuite.cpp">
      <Filter>UnitTest</Filter>
    </ClCompile>
    <ClCompile Include="UnitTest\LeetCode00260TestSuite.cpp">
      <Filter>UnitTest</Filter>
    </ClCompile>
    <ClCompile Include="UnitTest\LeetCode00268TestSuite.cpp">
      <Filter>UnitTest</Filter>
    </ClCompile>
    <ClCompile Include="UnitTest\LeetCode00278TestSuite.cpp">
      <Filter>UnitTest</Filter>
    </ClCompile>
    <ClCompile Include="UnitTest\LeetCode00290TestSuite.cpp">
      <Filter>UnitTest</Filter>
    </ClCompile>
    <ClCompile Include="UnitTest\LeetCode00292TestSuite.cpp">
      <Filter>UnitTest</Filter>
    </ClCompile>
    <ClCompile Include="UnitTest\LeetCode00295TestSuite.cpp">
      <Filter>UnitTest</Filter>
    </ClCompile>
    <ClCompile Include="UnitTest\LeetCode00299TestSuite.cpp">
      <Filter>UnitTest</Filter>
    </ClCompile>
    <ClCompile Include="UnitTest\LeetCode00303TestSuite.cpp">
      <Filter>UnitTest</Filter>
    </ClCompile>
    <ClCompile Include="UnitTest\LeetCode00307TestSuite.cpp">
      <Filter>UnitTest</Filter>
    </ClCompile>
    <ClCompile Include="UnitTest\LeetCode00316TestSuite.cpp">
      <Filter>UnitTest</Filter>
    </ClCompile>
    <ClCompile Include="UnitTest\LeetCode00367TestSuite.cpp">
      <Filter>UnitTest</Filter>
    </ClCompile>
    <ClCompile Include="UnitTest\LeetCode00374TestSuite.cpp">
      <Filter>UnitTest</Filter>
    </ClCompile>
    <ClCompile Include="UnitTest\LeetCode00405TestSuite.cpp">
      <Filter>UnitTest</Filter>
    </ClCompile>
    <ClCompile Include="UnitTest\LeetCode00485TestSuite.cpp">
      <Filter>UnitTest</Filter>
    </ClCompile>
    <ClCompile Include="UnitTest\LeetCode00509TestSuite.cpp">
      <Filter>UnitTest</Filter>
    </ClCompile>
    <ClCompile Include="UnitTest\LeetCode00718TestSuite.cpp">
      <Filter>UnitTest</Filter>
    </ClCompile>
    <ClCompile Include="UnitTest\LeetCode00917TestSuite.cpp">
      <Filter>UnitTest</Filter>
    </ClCompile>
    <ClCompile Include="UnitTest\LeetCode00922TestSuite.cpp">
      <Filter>UnitTest</Filter>
    </ClCompile>
    <ClCompile Include="UnitTest\LeetCode00961TestSuite.cpp">
      <Filter>UnitTest</Filter>
    </ClCompile>
    <ClCompile Include="UnitTest\LeetCode00977TestSuite.cpp">
      <Filter>UnitTest</Filter>
    </ClCompile>
  </ItemGroup>
  <ItemGroup>
    <ClInclude Include="Src\LeetCode00001.hpp">
      <Filter>Src</Filter>
    </ClInclude>
    <ClInclude Include="Src\LeetCode00002.hpp">
      <Filter>Src</Filter>
    </ClInclude>
    <ClInclude Include="Src\LeetCode00003.hpp">
      <Filter>Src</Filter>
    </ClInclude>
    <ClInclude Include="Src\LeetCode00019.hpp">
      <Filter>Src</Filter>
    </ClInclude>
    <ClInclude Include="Src\LeetCode00021.hpp">
      <Filter>Src</Filter>
    </ClInclude>
    <ClInclude Include="Src\LeetCode00136.hpp">
      <Filter>Src</Filter>
    </ClInclude>
    <ClInclude Include="Src\LeetCode00167.hpp">
      <Filter>Src</Filter>
    </ClInclude>
    <ClInclude Include="Src\LeetCode00198.hpp">
      <Filter>Src</Filter>
    </ClInclude>
    <ClInclude Include="Src\LeetCode00204.hpp">
      <Filter>Src</Filter>
    </ClInclude>
    <ClInclude Include="Src\LeetCode00205.hpp">
      <Filter>Src</Filter>
    </ClInclude>
    <ClInclude Include="Src\LeetCode00208.hpp">
      <Filter>Src</Filter>
    </ClInclude>
    <ClInclude Include="Src\LeetCode00223.hpp">
      <Filter>Src</Filter>
    </ClInclude>
    <ClInclude Include="Src\LeetCode00224.hpp">
      <Filter>Src</Filter>
    </ClInclude>
    <ClInclude Include="Src\LeetCode00227.hpp">
      <Filter>Src</Filter>
    </ClInclude>
    <ClInclude Include="Src\LeetCode00228.hpp">
      <Filter>Src</Filter>
    </ClInclude>
    <ClInclude Include="Src\LeetCode00234.hpp">
      <Filter>Src</Filter>
    </ClInclude>
    <ClInclude Include="Src\LeetCode00236.hpp">
      <Filter>Src</Filter>
    </ClInclude>
    <ClInclude Include="Src\LeetCode00238.hpp">
      <Filter>Src</Filter>
    </ClInclude>
    <ClInclude Include="Src\LeetCode00257.hpp">
      <Filter>Src</Filter>
    </ClInclude>
    <ClInclude Include="Src\LeetCode00260.hpp">
      <Filter>Src</Filter>
    </ClInclude>
    <ClInclude Include="Src\LeetCode00268.hpp">
      <Filter>Src</Filter>
    </ClInclude>
    <ClInclude Include="Src\LeetCode00278.hpp">
      <Filter>Src</Filter>
    </ClInclude>
    <ClInclude Include="Src\LeetCode00284.hpp">
      <Filter>Src</Filter>
    </ClInclude>
    <ClInclude Include="Src\LeetCode00290.hpp">
      <Filter>Src</Filter>
    </ClInclude>
    <ClInclude Include="Src\LeetCode00292.hpp">
      <Filter>Src</Filter>
    </ClInclude>
    <ClInclude Include="Src\LeetCode00295.hpp">
      <Filter>Src</Filter>
    </ClInclude>
    <ClInclude Include="Src\LeetCode00299.hpp">
      <Filter>Src</Filter>
    </ClInclude>
    <ClInclude Include="Src\LeetCode00303.hpp">
      <Filter>Src</Filter>
    </ClInclude>
    <ClInclude Include="Src\LeetCode00307.hpp">
      <Filter>Src</Filter>
    </ClInclude>
    <ClInclude Include="Src\LeetCode00316.hpp">
      <Filter>Src</Filter>
    </ClInclude>
    <ClInclude Include="Src\LeetCode00367.hpp">
      <Filter>Src</Filter>
    </ClInclude>
    <ClInclude Include="Src\LeetCode00374.hpp">
      <Filter>Src</Filter>
    </ClInclude>
    <ClInclude Include="Src\LeetCode00405.hpp">
      <Filter>Src</Filter>
    </ClInclude>
    <ClInclude Include="Src\LeetCode00485.hpp">
      <Filter>Src</Filter>
    </ClInclude>
    <ClInclude Include="Src\LeetCode00509.hpp">
      <Filter>Src</Filter>
    </ClInclude>
    <ClInclude Include="Src\LeetCode00718.hpp">
      <Filter>Src</Filter>
    </ClInclude>
    <ClInclude Include="Src\LeetCode00917.hpp">
      <Filter>Src</Filter>
    </ClInclude>
    <ClInclude Include="Src\LeetCode00922.hpp">
      <Filter>Src</Filter>
    </ClInclude>
    <ClInclude Include="Src\LeetCode00961.hpp">
      <Filter>Src</Filter>
    </ClInclude>
    <ClInclude Include="Src\LeetCode00977.hpp">
      <Filter>Src</Filter>
    </ClInclude>
    <ClInclude Include="Src\NArryTreeLevelOrderTraversal.hpp">
      <Filter>Src</Filter>
    </ClInclude>
    <ClInclude Include="Src\Struct.hpp">
      <Filter>Src</Filter>
    </ClInclude>
  </ItemGroup>
</Project>